
Microsoft Visual Studio Solution File, Format Version 12.00
# Visual Studio Version 17
VisualStudioVersion = 17.13.35828.75 d17.13
MinimumVisualStudioVersion = 10.0.40219.1
Project("{FAE04EC0-301F-11D3-BF4B-00C04F79EFBC}") = "SchoolProject.API(PresentationLayer)", "SchoolProject.API(PresentationLayer)\SchoolProject.API(PresentationLayer).csproj", "{3C890FDE-27C6-4049-B88B-367C0326454D}"
EndProject
Project("{FAE04EC0-301F-11D3-BF4B-00C04F79EFBC}") = "SchoolProject.Data", "SchoolProject.Data\SchoolProject.Data.csproj", "{94994259-951D-4A10-8A48-0CEB58CAEB13}"
EndProject
Project("{FAE04EC0-301F-11D3-BF4B-00C04F79EFBC}") = "SchoolProject.Infrastructure", "SchoolProject.Infrastructure\SchoolProject.Infrastructure.csproj", "{7ABBA6C2-56EB-46AB-BA84-720FDEE18BD9}"
EndProject
Project("{FAE04EC0-301F-11D3-BF4B-00C04F79EFBC}") = "SchoolProject.Service", "SchoolProject.Service\SchoolProject.Service.csproj", "{B4684C01-D908-4EA2-AEEF-DD7BD69A97B3}"
EndProject
Project("{FAE04EC0-301F-11D3-BF4B-00C04F79EFBC}") = "SchoolProject.Core", "SchoolProject.Core\SchoolProject.Core.csproj", "{9431FABB-8528-45E2-8745-F61A7BC8400D}"
EndProject
Global
	GlobalSection(SolutionConfigurationPlatforms) = preSolution
		Debug|Any CPU = Debug|Any CPU
		Release|Any CPU = Release|Any CPU
	EndGlobalSection
	GlobalSection(ProjectConfigurationPlatforms) = postSolution
		{3C890FDE-27C6-4049-B88B-367C0326454D}.Debug|Any CPU.ActiveCfg = Debug|Any CPU
		{3C890FDE-27C6-4049-B88B-367C0326454D}.Debug|Any CPU.Build.0 = Debug|Any CPU
		{3C890FDE-27C6-4049-B88B-367C0326454D}.Release|Any CPU.ActiveCfg = Release|Any CPU
		{3C890FDE-27C6-4049-B88B-367C0326454D}.Release|Any CPU.Build.0 = Release|Any CPU
		{94994259-951D-4A10-8A48-0CEB58CAEB13}.Debug|Any CPU.ActiveCfg = Debug|Any CPU
		{94994259-951D-4A10-8A48-0CEB58CAEB13}.Debug|Any CPU.Build.0 = Debug|Any CPU
		{94994259-951D-4A10-8A48-0CEB58CAEB13}.Release|Any CPU.ActiveCfg = Release|Any CPU
		{94994259-951D-4A10-8A48-0CEB58CAEB13}.Release|Any CPU.Build.0 = Release|Any CPU
		{7ABBA6C2-56EB-46AB-BA84-720FDEE18BD9}.Debug|Any CPU.ActiveCfg = Debug|Any CPU
		{7ABBA6C2-56EB-46AB-BA84-720FDEE18BD9}.Debug|Any CPU.Build.0 = Debug|Any CPU
		{7ABBA6C2-56EB-46AB-BA84-720FDEE18BD9}.Release|Any CPU.ActiveCfg = Release|Any CPU
		{7ABBA6C2-56EB-46AB-BA84-720FDEE18BD9}.Release|Any CPU.Build.0 = Release|Any CPU
		{B4684C01-D908-4EA2-AEEF-DD7BD69A97B3}.Debug|Any CPU.ActiveCfg = Debug|Any CPU
		{B4684C01-D908-4EA2-AEEF-DD7BD69A97B3}.Debug|Any CPU.Build.0 = Debug|Any CPU
		{B4684C01-D908-4EA2-AEEF-DD7BD69A97B3}.Release|Any CPU.ActiveCfg = Release|Any CPU
		{B4684C01-D908-4EA2-AEEF-DD7BD69A97B3}.Release|Any CPU.Build.0 = Release|Any CPU
		{9431FABB-8528-45E2-8745-F61A7BC8400D}.Debug|Any CPU.ActiveCfg = Debug|Any CPU
		{9431FABB-8528-45E2-8745-F61A7BC8400D}.Debug|Any CPU.Build.0 = Debug|Any CPU
		{9431FABB-8528-45E2-8745-F61A7BC8400D}.Release|Any CPU.ActiveCfg = Release|Any CPU
		{9431FABB-8528-45E2-8745-F61A7BC8400D}.Release|Any CPU.Build.0 = Release|Any CPU
	EndGlobalSection
	GlobalSection(SolutionProperties) = preSolution
		HideSolutionNode = FALSE
	EndGlobalSection
	GlobalSection(ExtensibilityGlobals) = postSolution
		SolutionGuid = {E4711B75-A1A8-4A15-ADB9-19F79A5AE259}
	EndGlobalSection
EndGlobal
